
Microsoft Visual Studio Solution File, Format Version 12.00
# Visual Studio Version 18
VisualStudioVersion = 18.2.11408.102
MinimumVisualStudioVersion = 10.0.40219.1
Project("{FAE04EC0-301F-11D3-BF4B-00C04F79EFBC}") = "Samples", "Samples\Samples.csproj", "{7728D5AC-8703-4A2A-AF13-9BEF4A226FA6}"
EndProject
Project("{FAE04EC0-301F-11D3-BF4B-00C04F79EFBC}") = "LecturerManager.DBModels", "LecturerManager.DBModels\LecturerManager.DBModels.csproj", "{2F1E9B9D-4F2F-450D-AC53-7BEF38B0C120}"
EndProject
Project("{FAE04EC0-301F-11D3-BF4B-00C04F79EFBC}") = "LecturerManager.CommonComponents", "LecturerManager.CommonComponents\LecturerManager.CommonComponents.csproj", "{A9D5B77B-1AAA-4F7A-BB0F-EFAA91693C52}"
EndProject
Project("{FAE04EC0-301F-11D3-BF4B-00C04F79EFBC}") = "LecturerManager.UIModels", "LecturerManager.UIModels\LecturerManager.UIModels.csproj", "{3BFC07FC-9981-4D6A-8BF3-2DD0B8C9A629}"
EndProject
Project("{FAE04EC0-301F-11D3-BF4B-00C04F79EFBC}") = "LecturerManager.Services", "LecturerManager.Services\LecturerManager.Services.csproj", "{9D3C812E-A035-48EB-A55E-AE6D26414318}"
EndProject
Project("{FAE04EC0-301F-11D3-BF4B-00C04F79EFBC}") = "LecturerManagerConsole", "LecturerManagerConsole\LecturerManagerConsole.csproj", "{1DC5EABE-061E-4071-8866-0D65BA2430E5}"
EndProject
Global
	GlobalSection(SolutionConfigurationPlatforms) = preSolution
		Debug|Any CPU = Debug|Any CPU
		Release|Any CPU = Release|Any CPU
	EndGlobalSection
	GlobalSection(ProjectConfigurationPlatforms) = postSolution
		{7728D5AC-8703-4A2A-AF13-9BEF4A226FA6}.Debug|Any CPU.ActiveCfg = Debug|Any CPU
		{7728D5AC-8703-4A2A-AF13-9BEF4A226FA6}.Debug|Any CPU.Build.0 = Debug|Any CPU
		{7728D5AC-8703-4A2A-AF13-9BEF4A226FA6}.Release|Any CPU.ActiveCfg = Release|Any CPU
		{7728D5AC-8703-4A2A-AF13-9BEF4A226FA6}.Release|Any CPU.Build.0 = Release|Any CPU
		{2F1E9B9D-4F2F-450D-AC53-7BEF38B0C120}.Debug|Any CPU.ActiveCfg = Debug|Any CPU
		{2F1E9B9D-4F2F-450D-AC53-7BEF38B0C120}.Debug|Any CPU.Build.0 = Debug|Any CPU
		{2F1E9B9D-4F2F-450D-AC53-7BEF38B0C120}.Release|Any CPU.ActiveCfg = Release|Any CPU
		{2F1E9B9D-4F2F-450D-AC53-7BEF38B0C120}.Release|Any CPU.Build.0 = Release|Any CPU
		{A9D5B77B-1AAA-4F7A-BB0F-EFAA91693C52}.Debug|Any CPU.ActiveCfg = Debug|Any CPU
		{A9D5B77B-1AAA-4F7A-BB0F-EFAA91693C52}.Debug|Any CPU.Build.0 = Debug|Any CPU
		{A9D5B77B-1AAA-4F7A-BB0F-EFAA91693C52}.Release|Any CPU.ActiveCfg = Release|Any CPU
		{A9D5B77B-1AAA-4F7A-BB0F-EFAA91693C52}.Release|Any CPU.Build.0 = Release|Any CPU
		{3BFC07FC-9981-4D6A-8BF3-2DD0B8C9A629}.Debug|Any CPU.ActiveCfg = Debug|Any CPU
		{3BFC07FC-9981-4D6A-8BF3-2DD0B8C9A629}.Debug|Any CPU.Build.0 = Debug|Any CPU
		{3BFC07FC-9981-4D6A-8BF3-2DD0B8C9A629}.Release|Any CPU.ActiveCfg = Release|Any CPU
		{3BFC07FC-9981-4D6A-8BF3-2DD0B8C9A629}.Release|Any CPU.Build.0 = Release|Any CPU
		{9D3C812E-A035-48EB-A55E-AE6D26414318}.Debug|Any CPU.ActiveCfg = Debug|Any CPU
		{9D3C812E-A035-48EB-A55E-AE6D26414318}.Debug|Any CPU.Build.0 = Debug|Any CPU
		{9D3C812E-A035-48EB-A55E-AE6D26414318}.Release|Any CPU.ActiveCfg = Release|Any CPU
		{9D3C812E-A035-48EB-A55E-AE6D26414318}.Release|Any CPU.Build.0 = Release|Any CPU
		{1DC5EABE-061E-4071-8866-0D65BA2430E5}.Debug|Any CPU.ActiveCfg = Debug|Any CPU
		{1DC5EABE-061E-4071-8866-0D65BA2430E5}.Debug|Any CPU.Build.0 = Debug|Any CPU
		{1DC5EABE-061E-4071-8866-0D65BA2430E5}.Release|Any CPU.ActiveCfg = Release|Any CPU
		{1DC5EABE-061E-4071-8866-0D65BA2430E5}.Release|Any CPU.Build.0 = Release|Any CPU
	EndGlobalSection
	GlobalSection(SolutionProperties) = preSolution
		HideSolutionNode = FALSE
	EndGlobalSection
	GlobalSection(ExtensibilityGlobals) = postSolution
		SolutionGuid = {76201D06-7903-4868-BAEC-0F5936147587}
	EndGlobalSection
EndGlobal
